{
  "name": "metis-orchestrator",
  "version": "1.0.0",
  "lockfileVersion": 3,
  "requires": true,
  "packages": {
    "": {
      "name": "metis-orchestrator",
      "version": "1.0.0",
      "license": "MIT",
      "os": [
        "darwin",
        "linux"
      ],
      "bin": {
        "metis": "src/cli.js"
      },
      "engines": {
        "node": ">=22.16.0"
      }
    }
  }
}
